
Microsoft Visual Studio Solution File, Format Version 12.00
# Visual Studio Version 17
VisualStudioVersion = 17.7.34024.191
MinimumVisualStudioVersion = 10.0.40219.1
Project("{8BC9CEB8-8B4A-11D0-8D11-00A0C91BC942}") = "FirstConsoleApplication", "FirstConsoleApplication\FirstConsoleApplication.vcxproj", "{B6406AF5-C34A-4499-AC7F-7E1B5B2D0B10}"
EndProject
Project("{2150E333-8FDC-42A3-9474-1A3956D46DE8}") = "01.podstawy", "01.podstawy", "{C0BC002A-597F-4870-BFB9-FC8E29680265}"
EndProject
Project("{2150E333-8FDC-42A3-9474-1A3956D46DE8}") = "02.instrukcje decyzyjne", "02.instrukcje decyzyjne", "{DB3DE8E5-7FD8-4EAD-92BC-0F6665553853}"
EndProject
Project("{8BC9CEB8-8B4A-11D0-8D11-00A0C91BC942}") = "InstructionConsoleApplication", "InstructionConsoleApplication\InstructionConsoleApplication.vcxproj", "{999E010B-3079-45E2-BC39-7A20515713C5}"
EndProject
Project("{8BC9CEB8-8B4A-11D0-8D11-00A0C91BC942}") = "LoopConsoleAplication", "LoopConsoleAplication\LoopConsoleAplication.vcxproj", "{7AAFD6A8-BB4E-4F7B-BA4D-F36B738DB845}"
EndProject
Project("{2150E333-8FDC-42A3-9474-1A3956D46DE8}") = "03.kolekcje", "03.kolekcje", "{116207E0-9248-4B67-8CD6-5E1D4D4F00CF}"
EndProject
Project("{8BC9CEB8-8B4A-11D0-8D11-00A0C91BC942}") = "StringConsoleApplication", "StringConsoleApplication\StringConsoleApplication.vcxproj", "{207BFA85-96B4-4717-8D6D-5A450B277E87}"
EndProject
Project("{8BC9CEB8-8B4A-11D0-8D11-00A0C91BC942}") = "ArrayConsoleApplication", "ArrayConsoleApplication\ArrayConsoleApplication.vcxproj", "{36CA219D-E3BE-47F6-9CE2-162E02EFC8A8}"
EndProject
Project("{2150E333-8FDC-42A3-9474-1A3956D46DE8}") = "04.funkcje", "04.funkcje", "{09E1DC85-DAE4-4938-9DAE-C79239CBD750}"
EndProject
Project("{2150E333-8FDC-42A3-9474-1A3956D46DE8}") = "05.struktury", "05.struktury", "{9611E304-4D1D-4E7B-88D1-7323E4F9A06F}"
EndProject
Project("{8BC9CEB8-8B4A-11D0-8D11-00A0C91BC942}") = "StructConsoleAplication", "StructConsoleAplication\StructConsoleAplication.vcxproj", "{F7D043CC-DCF0-412F-BD9E-8AD242C02CA4}"
EndProject
Project("{2150E333-8FDC-42A3-9474-1A3956D46DE8}") = "Programowanie strukturalne", "Programowanie strukturalne", "{3ED1F04D-7E0A-40E9-BA07-4D02ABC51F4E}"
EndProject
Project("{2150E333-8FDC-42A3-9474-1A3956D46DE8}") = "Programowanie objektowe", "Programowanie objektowe", "{F6679975-C124-4589-87D3-92D5ED7077EC}"
EndProject
Project("{2150E333-8FDC-42A3-9474-1A3956D46DE8}") = "01.Podstawy", "01.Podstawy", "{C64B6A9A-CCF0-49B5-94A4-DD0F3893507F}"
EndProject
Project("{8BC9CEB8-8B4A-11D0-8D11-00A0C91BC942}") = "FirstObjectConsoleApplication", "FirstObjectConsoleApplication\FirstObjectConsoleApplication.vcxproj", "{A2A8146B-8D01-4866-A2A2-EB12BA0C7E2E}"
EndProject
Project("{2150E333-8FDC-42A3-9474-1A3956D46DE8}") = "02.Dziedziczenie", "02.Dziedziczenie", "{945041CF-DD47-4794-A4A6-DC6EB170CFFB}"
EndProject
Project("{8BC9CEB8-8B4A-11D0-8D11-00A0C91BC942}") = "FirstInheritanceConsoleApplication", "FirstInheritanceConsoleApplication\FirstInheritanceConsoleApplication.vcxproj", "{4AAF12B5-733C-4FE1-884F-E1D6BF2D8553}"
EndProject
Project("{8BC9CEB8-8B4A-11D0-8D11-00A0C91BC942}") = "GeometryConsoleApplication", "GeometryConsoleApplication\GeometryConsoleApplication.vcxproj", "{45E944C0-1AD5-4641-845F-467691034069}"
EndProject
Project("{2150E333-8FDC-42A3-9474-1A3956D46DE8}") = "03.Zadania", "03.Zadania", "{7F349E36-B3C9-4AEC-8CC9-11E09D64E453}"
EndProject
Project("{8BC9CEB8-8B4A-11D0-8D11-00A0C91BC942}") = "TaskConsoleApplication", "TaskConsoleApplication\TaskConsoleApplication.vcxproj", "{E48C748D-C7B0-4FD5-BB18-1976CA0DDCE7}"
EndProject
Project("{2150E333-8FDC-42A3-9474-1A3956D46DE8}") = "C#", "C#", "{08CB829A-1389-4AA6-AC39-8A85EBFC6ABA}"
EndProject
Project("{2150E333-8FDC-42A3-9474-1A3956D46DE8}") = "C++", "C++", "{0518B5E4-870B-472E-8566-8093B2436295}"
EndProject
Project("{2150E333-8FDC-42A3-9474-1A3956D46DE8}") = "01.podstawy", "01.podstawy", "{6A8AC60A-49A5-4D47-8CAA-2F8041C347B8}"
EndProject
Project("{9A19103F-16F7-4668-BE54-9A1E7A4F7556}") = "FirstConsoleApp", "FirstConsoleApp\FirstConsoleApp.csproj", "{7A9743E8-BCAF-4507-AE86-EA389E8D750A}"
EndProject
Project("{9A19103F-16F7-4668-BE54-9A1E7A4F7556}") = "StructConsoleApp", "StructConsoleApp\StructConsoleApp.csproj", "{CFDBF942-CFC2-4B4A-8FFF-66170A0EDE79}"
EndProject
Project("{9A19103F-16F7-4668-BE54-9A1E7A4F7556}") = "ClassConsoleApp", "ClassConsoleApp\ClassConsoleApp.csproj", "{005B0AE8-8F12-4A03-8478-5DD4CD99FBD6}"
EndProject
Project("{2150E333-8FDC-42A3-9474-1A3956D46DE8}") = "02.kolekcje", "02.kolekcje", "{2FB0DB18-F07B-4ABD-B771-92777B3F2EC9}"
EndProject
Project("{9A19103F-16F7-4668-BE54-9A1E7A4F7556}") = "ListColectionConsoleApp", "ListColectionConsoleApp\ListColectionConsoleApp.csproj", "{C061274E-5576-41AB-B22C-05AC5D246C49}"
EndProject
Project("{9A19103F-16F7-4668-BE54-9A1E7A4F7556}") = "LinqConsoleApp", "LinqConsoleApp\LinqConsoleApp.csproj", "{44F23910-5967-418A-A3B8-D2819248ED40}"
EndProject
Project("{9A19103F-16F7-4668-BE54-9A1E7A4F7556}") = "LinqTaskConsoleApp", "LinqTaskConsoleApp\LinqTaskConsoleApp.csproj", "{CAF6B695-97C4-4192-A27B-C750122E3C4A}"
EndProject
Project("{2150E333-8FDC-42A3-9474-1A3956D46DE8}") = "zadania egzaminacyjne", "zadania egzaminacyjne", "{704E4721-4520-49F1-9700-CCC27422355E}"
EndProject
Project("{FAE04EC0-301F-11D3-BF4B-00C04F79EFBC}") = "Egz1ConsoleApp", "Egz1ConsoleApp\Egz1ConsoleApp.csproj", "{0073B16C-AA17-4972-99CA-7DABEE025627}"
EndProject
Global
	GlobalSection(SolutionConfigurationPlatforms) = preSolution
		Debug|Any CPU = Debug|Any CPU
		Debug|x64 = Debug|x64
		Debug|x86 = Debug|x86
		Release|Any CPU = Release|Any CPU
		Release|x64 = Release|x64
		Release|x86 = Release|x86
	EndGlobalSection
	GlobalSection(ProjectConfigurationPlatforms) = postSolution
		{B6406AF5-C34A-4499-AC7F-7E1B5B2D0B10}.Debug|Any CPU.ActiveCfg = Debug|x64
		{B6406AF5-C34A-4499-AC7F-7E1B5B2D0B10}.Debug|Any CPU.Build.0 = Debug|x64
		{B6406AF5-C34A-4499-AC7F-7E1B5B2D0B10}.Debug|x64.ActiveCfg = Debug|x64
		{B6406AF5-C34A-4499-AC7F-7E1B5B2D0B10}.Debug|x64.Build.0 = Debug|x64
		{B6406AF5-C34A-4499-AC7F-7E1B5B2D0B10}.Debug|x86.ActiveCfg = Debug|Win32
		{B6406AF5-C34A-4499-AC7F-7E1B5B2D0B10}.Debug|x86.Build.0 = Debug|Win32
		{B6406AF5-C34A-4499-AC7F-7E1B5B2D0B10}.Release|Any CPU.ActiveCfg = Release|x64
		{B6406AF5-C34A-4499-AC7F-7E1B5B2D0B10}.Release|Any CPU.Build.0 = Release|x64
		{B6406AF5-C34A-4499-AC7F-7E1B5B2D0B10}.Release|x64.ActiveCfg = Release|x64
		{B6406AF5-C34A-4499-AC7F-7E1B5B2D0B10}.Release|x64.Build.0 = Release|x64
		{B6406AF5-C34A-4499-AC7F-7E1B5B2D0B10}.Release|x86.ActiveCfg = Release|Win32
		{B6406AF5-C34A-4499-AC7F-7E1B5B2D0B10}.Release|x86.Build.0 = Release|Win32
		{999E010B-3079-45E2-BC39-7A20515713C5}.Debug|Any CPU.ActiveCfg = Debug|x64
		{999E010B-3079-45E2-BC39-7A20515713C5}.Debug|Any CPU.Build.0 = Debug|x64
		{999E010B-3079-45E2-BC39-7A20515713C5}.Debug|x64.ActiveCfg = Debug|x64
		{999E010B-3079-45E2-BC39-7A20515713C5}.Debug|x64.Build.0 = Debug|x64
		{999E010B-3079-45E2-BC39-7A20515713C5}.Debug|x86.ActiveCfg = Debug|Win32
		{999E010B-3079-45E2-BC39-7A20515713C5}.Debug|x86.Build.0 = Debug|Win32
		{999E010B-3079-45E2-BC39-7A20515713C5}.Release|Any CPU.ActiveCfg = Release|x64
		{999E010B-3079-45E2-BC39-7A20515713C5}.Release|Any CPU.Build.0 = Release|x64
		{999E010B-3079-45E2-BC39-7A20515713C5}.Release|x64.ActiveCfg = Release|x64
		{999E010B-3079-45E2-BC39-7A20515713C5}.Release|x64.Build.0 = Release|x64
		{999E010B-3079-45E2-BC39-7A20515713C5}.Release|x86.ActiveCfg = Release|Win32
		{999E010B-3079-45E2-BC39-7A20515713C5}.Release|x86.Build.0 = Release|Win32
		{7AAFD6A8-BB4E-4F7B-BA4D-F36B738DB845}.Debug|Any CPU.ActiveCfg = Debug|x64
		{7AAFD6A8-BB4E-4F7B-BA4D-F36B738DB845}.Debug|Any CPU.Build.0 = Debug|x64
		{7AAFD6A8-BB4E-4F7B-BA4D-F36B738DB845}.Debug|x64.ActiveCfg = Debug|x64
		{7AAFD6A8-BB4E-4F7B-BA4D-F36B738DB845}.Debug|x64.Build.0 = Debug|x64
		{7AAFD6A8-BB4E-4F7B-BA4D-F36B738DB845}.Debug|x86.ActiveCfg = Debug|Win32
		{7AAFD6A8-BB4E-4F7B-BA4D-F36B738DB845}.Debug|x86.Build.0 = Debug|Win32
		{7AAFD6A8-BB4E-4F7B-BA4D-F36B738DB845}.Release|Any CPU.ActiveCfg = Release|x64
		{7AAFD6A8-BB4E-4F7B-BA4D-F36B738DB845}.Release|Any CPU.Build.0 = Release|x64
		{7AAFD6A8-BB4E-4F7B-BA4D-F36B738DB845}.Release|x64.ActiveCfg = Release|x64
		{7AAFD6A8-BB4E-4F7B-BA4D-F36B738DB845}.Release|x64.Build.0 = Release|x64
		{7AAFD6A8-BB4E-4F7B-BA4D-F36B738DB845}.Release|x86.ActiveCfg = Release|Win32
		{7AAFD6A8-BB4E-4F7B-BA4D-F36B738DB845}.Release|x86.Build.0 = Release|Win32
		{207BFA85-96B4-4717-8D6D-5A450B277E87}.Debug|Any CPU.ActiveCfg = Debug|x64
		{207BFA85-96B4-4717-8D6D-5A450B277E87}.Debug|Any CPU.Build.0 = Debug|x64
		{207BFA85-96B4-4717-8D6D-5A450B277E87}.Debug|x64.ActiveCfg = Debug|x64
		{207BFA85-96B4-4717-8D6D-5A450B277E87}.Debug|x64.Build.0 = Debug|x64
		{207BFA85-96B4-4717-8D6D-5A450B277E87}.Debug|x86.ActiveCfg = Debug|Win32
		{207BFA85-96B4-4717-8D6D-5A450B277E87}.Debug|x86.Build.0 = Debug|Win32
		{207BFA85-96B4-4717-8D6D-5A450B277E87}.Release|Any CPU.ActiveCfg = Release|x64
		{207BFA85-96B4-4717-8D6D-5A450B277E87}.Release|Any CPU.Build.0 = Release|x64
		{207BFA85-96B4-4717-8D6D-5A450B277E87}.Release|x64.ActiveCfg = Release|x64
		{207BFA85-96B4-4717-8D6D-5A450B277E87}.Release|x64.Build.0 = Release|x64
		{207BFA85-96B4-4717-8D6D-5A450B277E87}.Release|x86.ActiveCfg = Release|Win32
		{207BFA85-96B4-4717-8D6D-5A450B277E87}.Release|x86.Build.0 = Release|Win32
		{36CA219D-E3BE-47F6-9CE2-162E02EFC8A8}.Debug|Any CPU.ActiveCfg = Debug|x64
		{36CA219D-E3BE-47F6-9CE2-162E02EFC8A8}.Debug|Any CPU.Build.0 = Debug|x64
		{36CA219D-E3BE-47F6-9CE2-162E02EFC8A8}.Debug|x64.ActiveCfg = Debug|x64
		{36CA219D-E3BE-47F6-9CE2-162E02EFC8A8}.Debug|x64.Build.0 = Debug|x64
		{36CA219D-E3BE-47F6-9CE2-162E02EFC8A8}.Debug|x86.ActiveCfg = Debug|Win32
		{36CA219D-E3BE-47F6-9CE2-162E02EFC8A8}.Debug|x86.Build.0 = Debug|Win32
		{36CA219D-E3BE-47F6-9CE2-162E02EFC8A8}.Release|Any CPU.ActiveCfg = Release|x64
		{36CA219D-E3BE-47F6-9CE2-162E02EFC8A8}.Release|Any CPU.Build.0 = Release|x64
		{36CA219D-E3BE-47F6-9CE2-162E02EFC8A8}.Release|x64.ActiveCfg = Release|x64
		{36CA219D-E3BE-47F6-9CE2-162E02EFC8A8}.Release|x64.Build.0 = Release|x64
		{36CA219D-E3BE-47F6-9CE2-162E02EFC8A8}.Release|x86.ActiveCfg = Release|Win32
		{36CA219D-E3BE-47F6-9CE2-162E02EFC8A8}.Release|x86.Build.0 = Release|Win32
		{F7D043CC-DCF0-412F-BD9E-8AD242C02CA4}.Debug|Any CPU.ActiveCfg = Debug|x64
		{F7D043CC-DCF0-412F-BD9E-8AD242C02CA4}.Debug|Any CPU.Build.0 = Debug|x64
		{F7D043CC-DCF0-412F-BD9E-8AD242C02CA4}.Debug|x64.ActiveCfg = Debug|x64
		{F7D043CC-DCF0-412F-BD9E-8AD242C02CA4}.Debug|x64.Build.0 = Debug|x64
		{F7D043CC-DCF0-412F-BD9E-8AD242C02CA4}.Debug|x86.ActiveCfg = Debug|Win32
		{F7D043CC-DCF0-412F-BD9E-8AD242C02CA4}.Debug|x86.Build.0 = Debug|Win32
		{F7D043CC-DCF0-412F-BD9E-8AD242C02CA4}.Release|Any CPU.ActiveCfg = Release|x64
		{F7D043CC-DCF0-412F-BD9E-8AD242C02CA4}.Release|Any CPU.Build.0 = Release|x64
		{F7D043CC-DCF0-412F-BD9E-8AD242C02CA4}.Release|x64.ActiveCfg = Release|x64
		{F7D043CC-DCF0-412F-BD9E-8AD242C02CA4}.Release|x64.Build.0 = Release|x64
		{F7D043CC-DCF0-412F-BD9E-8AD242C02CA4}.Release|x86.ActiveCfg = Release|Win32
		{F7D043CC-DCF0-412F-BD9E-8AD242C02CA4}.Release|x86.Build.0 = Release|Win32
		{A2A8146B-8D01-4866-A2A2-EB12BA0C7E2E}.Debug|Any CPU.ActiveCfg = Debug|x64
		{A2A8146B-8D01-4866-A2A2-EB12BA0C7E2E}.Debug|Any CPU.Build.0 = Debug|x64
		{A2A8146B-8D01-4866-A2A2-EB12BA0C7E2E}.Debug|x64.ActiveCfg = Debug|x64
		{A2A8146B-8D01-4866-A2A2-EB12BA0C7E2E}.Debug|x64.Build.0 = Debug|x64
		{A2A8146B-8D01-4866-A2A2-EB12BA0C7E2E}.Debug|x86.ActiveCfg = Debug|Win32
		{A2A8146B-8D01-4866-A2A2-EB12BA0C7E2E}.Debug|x86.Build.0 = Debug|Win32
		{A2A8146B-8D01-4866-A2A2-EB12BA0C7E2E}.Release|Any CPU.ActiveCfg = Release|x64
		{A2A8146B-8D01-4866-A2A2-EB12BA0C7E2E}.Release|Any CPU.Build.0 = Release|x64
		{A2A8146B-8D01-4866-A2A2-EB12BA0C7E2E}.Release|x64.ActiveCfg = Release|x64
		{A2A8146B-8D01-4866-A2A2-EB12BA0C7E2E}.Release|x64.Build.0 = Release|x64
		{A2A8146B-8D01-4866-A2A2-EB12BA0C7E2E}.Release|x86.ActiveCfg = Release|Win32
		{A2A8146B-8D01-4866-A2A2-EB12BA0C7E2E}.Release|x86.Build.0 = Release|Win32
		{4AAF12B5-733C-4FE1-884F-E1D6BF2D8553}.Debug|Any CPU.ActiveCfg = Debug|x64
		{4AAF12B5-733C-4FE1-884F-E1D6BF2D8553}.Debug|Any CPU.Build.0 = Debug|x64
		{4AAF12B5-733C-4FE1-884F-E1D6BF2D8553}.Debug|x64.ActiveCfg = Debug|x64
		{4AAF12B5-733C-4FE1-884F-E1D6BF2D8553}.Debug|x64.Build.0 = Debug|x64
		{4AAF12B5-733C-4FE1-884F-E1D6BF2D8553}.Debug|x86.ActiveCfg = Debug|Win32
		{4AAF12B5-733C-4FE1-884F-E1D6BF2D8553}.Debug|x86.Build.0 = Debug|Win32
		{4AAF12B5-733C-4FE1-884F-E1D6BF2D8553}.Release|Any CPU.ActiveCfg = Release|x64
		{4AAF12B5-733C-4FE1-884F-E1D6BF2D8553}.Release|Any CPU.Build.0 = Release|x64
		{4AAF12B5-733C-4FE1-884F-E1D6BF2D8553}.Release|x64.ActiveCfg = Release|x64
		{4AAF12B5-733C-4FE1-884F-E1D6BF2D8553}.Release|x64.Build.0 = Release|x64
		{4AAF12B5-733C-4FE1-884F-E1D6BF2D8553}.Release|x86.ActiveCfg = Release|Win32
		{4AAF12B5-733C-4FE1-884F-E1D6BF2D8553}.Release|x86.Build.0 = Release|Win32
		{45E944C0-1AD5-4641-845F-467691034069}.Debug|Any CPU.ActiveCfg = Debug|x64
		{45E944C0-1AD5-4641-845F-467691034069}.Debug|Any CPU.Build.0 = Debug|x64
		{45E944C0-1AD5-4641-845F-467691034069}.Debug|x64.ActiveCfg = Debug|x64
		{45E944C0-1AD5-4641-845F-467691034069}.Debug|x64.Build.0 = Debug|x64
		{45E944C0-1AD5-4641-845F-467691034069}.Debug|x86.ActiveCfg = Debug|Win32
		{45E944C0-1AD5-4641-845F-467691034069}.Debug|x86.Build.0 = Debug|Win32
		{45E944C0-1AD5-4641-845F-467691034069}.Release|Any CPU.ActiveCfg = Release|x64
		{45E944C0-1AD5-4641-845F-467691034069}.Release|Any CPU.Build.0 = Release|x64
		{45E944C0-1AD5-4641-845F-467691034069}.Release|x64.ActiveCfg = Release|x64
		{45E944C0-1AD5-4641-845F-467691034069}.Release|x64.Build.0 = Release|x64
		{45E944C0-1AD5-4641-845F-467691034069}.Release|x86.ActiveCfg = Release|Win32
		{45E944C0-1AD5-4641-845F-467691034069}.Release|x86.Build.0 = Release|Win32
		{E48C748D-C7B0-4FD5-BB18-1976CA0DDCE7}.Debug|Any CPU.ActiveCfg = Debug|x64
		{E48C748D-C7B0-4FD5-BB18-1976CA0DDCE7}.Debug|Any CPU.Build.0 = Debug|x64
		{E48C748D-C7B0-4FD5-BB18-1976CA0DDCE7}.Debug|x64.ActiveCfg = Debug|x64
		{E48C748D-C7B0-4FD5-BB18-1976CA0DDCE7}.Debug|x64.Build.0 = Debug|x64
		{E48C748D-C7B0-4FD5-BB18-1976CA0DDCE7}.Debug|x86.ActiveCfg = Debug|Win32
		{E48C748D-C7B0-4FD5-BB18-1976CA0DDCE7}.Debug|x86.Build.0 = Debug|Win32
		{E48C748D-C7B0-4FD5-BB18-1976CA0DDCE7}.Release|Any CPU.ActiveCfg = Release|x64
		{E48C748D-C7B0-4FD5-BB18-1976CA0DDCE7}.Release|Any CPU.Build.0 = Release|x64
		{E48C748D-C7B0-4FD5-BB18-1976CA0DDCE7}.Release|x64.ActiveCfg = Release|x64
		{E48C748D-C7B0-4FD5-BB18-1976CA0DDCE7}.Release|x64.Build.0 = Release|x64
		{E48C748D-C7B0-4FD5-BB18-1976CA0DDCE7}.Release|x86.ActiveCfg = Release|Win32
		{E48C748D-C7B0-4FD5-BB18-1976CA0DDCE7}.Release|x86.Build.0 = Release|Win32
		{7A9743E8-BCAF-4507-AE86-EA389E8D750A}.Debug|Any CPU.ActiveCfg = Debug|Any CPU
		{7A9743E8-BCAF-4507-AE86-EA389E8D750A}.Debug|Any CPU.Build.0 = Debug|Any CPU
		{7A9743E8-BCAF-4507-AE86-EA389E8D750A}.Debug|x64.ActiveCfg = Debug|Any CPU
		{7A9743E8-BCAF-4507-AE86-EA389E8D750A}.Debug|x64.Build.0 = Debug|Any CPU
		{7A9743E8-BCAF-4507-AE86-EA389E8D750A}.Debug|x86.ActiveCfg = Debug|Any CPU
		{7A9743E8-BCAF-4507-AE86-EA389E8D750A}.Debug|x86.Build.0 = Debug|Any CPU
		{7A9743E8-BCAF-4507-AE86-EA389E8D750A}.Release|Any CPU.ActiveCfg = Release|Any CPU
		{7A9743E8-BCAF-4507-AE86-EA389E8D750A}.Release|Any CPU.Build.0 = Release|Any CPU
		{7A9743E8-BCAF-4507-AE86-EA389E8D750A}.Release|x64.ActiveCfg = Release|Any CPU
		{7A9743E8-BCAF-4507-AE86-EA389E8D750A}.Release|x64.Build.0 = Release|Any CPU
		{7A9743E8-BCAF-4507-AE86-EA389E8D750A}.Release|x86.ActiveCfg = Release|Any CPU
		{7A9743E8-BCAF-4507-AE86-EA389E8D750A}.Release|x86.Build.0 = Release|Any CPU
		{CFDBF942-CFC2-4B4A-8FFF-66170A0EDE79}.Debug|Any CPU.ActiveCfg = Debug|Any CPU
		{CFDBF942-CFC2-4B4A-8FFF-66170A0EDE79}.Debug|Any CPU.Build.0 = Debug|Any CPU
		{CFDBF942-CFC2-4B4A-8FFF-66170A0EDE79}.Debug|x64.ActiveCfg = Debug|Any CPU
		{CFDBF942-CFC2-4B4A-8FFF-66170A0EDE79}.Debug|x64.Build.0 = Debug|Any CPU
		{CFDBF942-CFC2-4B4A-8FFF-66170A0EDE79}.Debug|x86.ActiveCfg = Debug|Any CPU
		{CFDBF942-CFC2-4B4A-8FFF-66170A0EDE79}.Debug|x86.Build.0 = Debug|Any CPU
		{CFDBF942-CFC2-4B4A-8FFF-66170A0EDE79}.Release|Any CPU.ActiveCfg = Release|Any CPU
		{CFDBF942-CFC2-4B4A-8FFF-66170A0EDE79}.Release|Any CPU.Build.0 = Release|Any CPU
		{CFDBF942-CFC2-4B4A-8FFF-66170A0EDE79}.Release|x64.ActiveCfg = Release|Any CPU
		{CFDBF942-CFC2-4B4A-8FFF-66170A0EDE79}.Release|x64.Build.0 = Release|Any CPU
		{CFDBF942-CFC2-4B4A-8FFF-66170A0EDE79}.Release|x86.ActiveCfg = Release|Any CPU
		{CFDBF942-CFC2-4B4A-8FFF-66170A0EDE79}.Release|x86.Build.0 = Release|Any CPU
		{005B0AE8-8F12-4A03-8478-5DD4CD99FBD6}.Debug|Any CPU.ActiveCfg = Debug|Any CPU
		{005B0AE8-8F12-4A03-8478-5DD4CD99FBD6}.Debug|Any CPU.Build.0 = Debug|Any CPU
		{005B0AE8-8F12-4A03-8478-5DD4CD99FBD6}.Debug|x64.ActiveCfg = Debug|Any CPU
		{005B0AE8-8F12-4A03-8478-5DD4CD99FBD6}.Debug|x64.Build.0 = Debug|Any CPU
		{005B0AE8-8F12-4A03-8478-5DD4CD99FBD6}.Debug|x86.ActiveCfg = Debug|Any CPU
		{005B0AE8-8F12-4A03-8478-5DD4CD99FBD6}.Debug|x86.Build.0 = Debug|Any CPU
		{005B0AE8-8F12-4A03-8478-5DD4CD99FBD6}.Release|Any CPU.ActiveCfg = Release|Any CPU
		{005B0AE8-8F12-4A03-8478-5DD4CD99FBD6}.Release|Any CPU.Build.0 = Release|Any CPU
		{005B0AE8-8F12-4A03-8478-5DD4CD99FBD6}.Release|x64.ActiveCfg = Release|Any CPU
		{005B0AE8-8F12-4A03-8478-5DD4CD99FBD6}.Release|x64.Build.0 = Release|Any CPU
		{005B0AE8-8F12-4A03-8478-5DD4CD99FBD6}.Release|x86.ActiveCfg = Release|Any CPU
		{005B0AE8-8F12-4A03-8478-5DD4CD99FBD6}.Release|x86.Build.0 = Release|Any CPU
		{C061274E-5576-41AB-B22C-05AC5D246C49}.Debug|Any CPU.ActiveCfg = Debug|Any CPU
		{C061274E-5576-41AB-B22C-05AC5D246C49}.Debug|Any CPU.Build.0 = Debug|Any CPU
		{C061274E-5576-41AB-B22C-05AC5D246C49}.Debug|x64.ActiveCfg = Debug|Any CPU
		{C061274E-5576-41AB-B22C-05AC5D246C49}.Debug|x64.Build.0 = Debug|Any CPU
		{C061274E-5576-41AB-B22C-05AC5D246C49}.Debug|x86.ActiveCfg = Debug|Any CPU
		{C061274E-5576-41AB-B22C-05AC5D246C49}.Debug|x86.Build.0 = Debug|Any CPU
		{C061274E-5576-41AB-B22C-05AC5D246C49}.Release|Any CPU.ActiveCfg = Release|Any CPU
		{C061274E-5576-41AB-B22C-05AC5D246C49}.Release|Any CPU.Build.0 = Release|Any CPU
		{C061274E-5576-41AB-B22C-05AC5D246C49}.Release|x64.ActiveCfg = Release|Any CPU
		{C061274E-5576-41AB-B22C-05AC5D246C49}.Release|x64.Build.0 = Release|Any CPU
		{C061274E-5576-41AB-B22C-05AC5D246C49}.Release|x86.ActiveCfg = Release|Any CPU
		{C061274E-5576-41AB-B22C-05AC5D246C49}.Release|x86.Build.0 = Release|Any CPU
		{44F23910-5967-418A-A3B8-D2819248ED40}.Debug|Any CPU.ActiveCfg = Debug|Any CPU
		{44F23910-5967-418A-A3B8-D2819248ED40}.Debug|Any CPU.Build.0 = Debug|Any CPU
		{44F23910-5967-418A-A3B8-D2819248ED40}.Debug|x64.ActiveCfg = Debug|Any CPU
		{44F23910-5967-418A-A3B8-D2819248ED40}.Debug|x64.Build.0 = Debug|Any CPU
		{44F23910-5967-418A-A3B8-D2819248ED40}.Debug|x86.ActiveCfg = Debug|Any CPU
		{44F23910-5967-418A-A3B8-D2819248ED40}.Debug|x86.Build.0 = Debug|Any CPU
		{44F23910-5967-418A-A3B8-D2819248ED40}.Release|Any CPU.ActiveCfg = Release|Any CPU
		{44F23910-5967-418A-A3B8-D2819248ED40}.Release|Any CPU.Build.0 = Release|Any CPU
		{44F23910-5967-418A-A3B8-D2819248ED40}.Release|x64.ActiveCfg = Release|Any CPU
		{44F23910-5967-418A-A3B8-D2819248ED40}.Release|x64.Build.0 = Release|Any CPU
		{44F23910-5967-418A-A3B8-D2819248ED40}.Release|x86.ActiveCfg = Release|Any CPU
		{44F23910-5967-418A-A3B8-D2819248ED40}.Release|x86.Build.0 = Release|Any CPU
		{CAF6B695-97C4-4192-A27B-C750122E3C4A}.Debug|Any CPU.ActiveCfg = Debug|Any CPU
		{CAF6B695-97C4-4192-A27B-C750122E3C4A}.Debug|Any CPU.Build.0 = Debug|Any CPU
		{CAF6B695-97C4-4192-A27B-C750122E3C4A}.Debug|x64.ActiveCfg = Debug|Any CPU
		{CAF6B695-97C4-4192-A27B-C750122E3C4A}.Debug|x64.Build.0 = Debug|Any CPU
		{CAF6B695-97C4-4192-A27B-C750122E3C4A}.Debug|x86.ActiveCfg = Debug|Any CPU
		{CAF6B695-97C4-4192-A27B-C750122E3C4A}.Debug|x86.Build.0 = Debug|Any CPU
		{CAF6B695-97C4-4192-A27B-C750122E3C4A}.Release|Any CPU.ActiveCfg = Release|Any CPU
		{CAF6B695-97C4-4192-A27B-C750122E3C4A}.Release|Any CPU.Build.0 = Release|Any CPU
		{CAF6B695-97C4-4192-A27B-C750122E3C4A}.Release|x64.ActiveCfg = Release|Any CPU
		{CAF6B695-97C4-4192-A27B-C750122E3C4A}.Release|x64.Build.0 = Release|Any CPU
		{CAF6B695-97C4-4192-A27B-C750122E3C4A}.Release|x86.ActiveCfg = Release|Any CPU
		{CAF6B695-97C4-4192-A27B-C750122E3C4A}.Release|x86.Build.0 = Release|Any CPU
		{0073B16C-AA17-4972-99CA-7DABEE025627}.Debug|Any CPU.ActiveCfg = Debug|Any CPU
		{0073B16C-AA17-4972-99CA-7DABEE025627}.Debug|Any CPU.Build.0 = Debug|Any CPU
		{0073B16C-AA17-4972-99CA-7DABEE025627}.Debug|x64.ActiveCfg = Debug|Any CPU
		{0073B16C-AA17-4972-99CA-7DABEE025627}.Debug|x64.Build.0 = Debug|Any CPU
		{0073B16C-AA17-4972-99CA-7DABEE025627}.Debug|x86.ActiveCfg = Debug|Any CPU
		{0073B16C-AA17-4972-99CA-7DABEE025627}.Debug|x86.Build.0 = Debug|Any CPU
		{0073B16C-AA17-4972-99CA-7DABEE025627}.Release|Any CPU.ActiveCfg = Release|Any CPU
		{0073B16C-AA17-4972-99CA-7DABEE025627}.Release|Any CPU.Build.0 = Release|Any CPU
		{0073B16C-AA17-4972-99CA-7DABEE025627}.Release|x64.ActiveCfg = Release|Any CPU
		{0073B16C-AA17-4972-99CA-7DABEE025627}.Release|x64.Build.0 = Release|Any CPU
		{0073B16C-AA17-4972-99CA-7DABEE025627}.Release|x86.ActiveCfg = Release|Any CPU
		{0073B16C-AA17-4972-99CA-7DABEE025627}.Release|x86.Build.0 = Release|Any CPU
	EndGlobalSection
	GlobalSection(SolutionProperties) = preSolution
		HideSolutionNode = FALSE
	EndGlobalSection
	GlobalSection(NestedProjects) = preSolution
		{B6406AF5-C34A-4499-AC7F-7E1B5B2D0B10} = {C0BC002A-597F-4870-BFB9-FC8E29680265}
		{C0BC002A-597F-4870-BFB9-FC8E29680265} = {3ED1F04D-7E0A-40E9-BA07-4D02ABC51F4E}
		{DB3DE8E5-7FD8-4EAD-92BC-0F6665553853} = {3ED1F04D-7E0A-40E9-BA07-4D02ABC51F4E}
		{999E010B-3079-45E2-BC39-7A20515713C5} = {DB3DE8E5-7FD8-4EAD-92BC-0F6665553853}
		{7AAFD6A8-BB4E-4F7B-BA4D-F36B738DB845} = {DB3DE8E5-7FD8-4EAD-92BC-0F6665553853}
		{116207E0-9248-4B67-8CD6-5E1D4D4F00CF} = {3ED1F04D-7E0A-40E9-BA07-4D02ABC51F4E}
		{207BFA85-96B4-4717-8D6D-5A450B277E87} = {116207E0-9248-4B67-8CD6-5E1D4D4F00CF}
		{36CA219D-E3BE-47F6-9CE2-162E02EFC8A8} = {116207E0-9248-4B67-8CD6-5E1D4D4F00CF}
		{09E1DC85-DAE4-4938-9DAE-C79239CBD750} = {3ED1F04D-7E0A-40E9-BA07-4D02ABC51F4E}
		{9611E304-4D1D-4E7B-88D1-7323E4F9A06F} = {3ED1F04D-7E0A-40E9-BA07-4D02ABC51F4E}
		{F7D043CC-DCF0-412F-BD9E-8AD242C02CA4} = {9611E304-4D1D-4E7B-88D1-7323E4F9A06F}
		{3ED1F04D-7E0A-40E9-BA07-4D02ABC51F4E} = {0518B5E4-870B-472E-8566-8093B2436295}
		{F6679975-C124-4589-87D3-92D5ED7077EC} = {0518B5E4-870B-472E-8566-8093B2436295}
		{C64B6A9A-CCF0-49B5-94A4-DD0F3893507F} = {F6679975-C124-4589-87D3-92D5ED7077EC}
		{A2A8146B-8D01-4866-A2A2-EB12BA0C7E2E} = {C64B6A9A-CCF0-49B5-94A4-DD0F3893507F}
		{945041CF-DD47-4794-A4A6-DC6EB170CFFB} = {F6679975-C124-4589-87D3-92D5ED7077EC}
		{4AAF12B5-733C-4FE1-884F-E1D6BF2D8553} = {945041CF-DD47-4794-A4A6-DC6EB170CFFB}
		{45E944C0-1AD5-4641-845F-467691034069} = {945041CF-DD47-4794-A4A6-DC6EB170CFFB}
		{7F349E36-B3C9-4AEC-8CC9-11E09D64E453} = {F6679975-C124-4589-87D3-92D5ED7077EC}
		{E48C748D-C7B0-4FD5-BB18-1976CA0DDCE7} = {7F349E36-B3C9-4AEC-8CC9-11E09D64E453}
		{6A8AC60A-49A5-4D47-8CAA-2F8041C347B8} = {08CB829A-1389-4AA6-AC39-8A85EBFC6ABA}
		{7A9743E8-BCAF-4507-AE86-EA389E8D750A} = {6A8AC60A-49A5-4D47-8CAA-2F8041C347B8}
		{CFDBF942-CFC2-4B4A-8FFF-66170A0EDE79} = {6A8AC60A-49A5-4D47-8CAA-2F8041C347B8}
		{005B0AE8-8F12-4A03-8478-5DD4CD99FBD6} = {6A8AC60A-49A5-4D47-8CAA-2F8041C347B8}
		{2FB0DB18-F07B-4ABD-B771-92777B3F2EC9} = {08CB829A-1389-4AA6-AC39-8A85EBFC6ABA}
		{C061274E-5576-41AB-B22C-05AC5D246C49} = {2FB0DB18-F07B-4ABD-B771-92777B3F2EC9}
		{44F23910-5967-418A-A3B8-D2819248ED40} = {2FB0DB18-F07B-4ABD-B771-92777B3F2EC9}
		{CAF6B695-97C4-4192-A27B-C750122E3C4A} = {2FB0DB18-F07B-4ABD-B771-92777B3F2EC9}
		{704E4721-4520-49F1-9700-CCC27422355E} = {08CB829A-1389-4AA6-AC39-8A85EBFC6ABA}
		{0073B16C-AA17-4972-99CA-7DABEE025627} = {704E4721-4520-49F1-9700-CCC27422355E}
	EndGlobalSection
	GlobalSection(ExtensibilityGlobals) = postSolution
		SolutionGuid = {4F824369-F9EF-410C-B079-B4B671EBB056}
	EndGlobalSection
EndGlobal
